
Microsoft Visual Studio Solution File, Format Version 12.00
# Visual Studio Version 16
VisualStudioVersion = 16.0.31321.278
MinimumVisualStudioVersion = 10.0.40219.1
Project("{FAE04EC0-301F-11D3-BF4B-00C04F79EFBC}") = "NTFSFolderPermissions", "NTFSFolderPermissions\NTFSFolderPermissions.csproj", "{EB905CF3-F9B2-4409-AB9F-A97F04A9D367}"
EndProject
Global
	GlobalSection(SolutionConfigurationPlatforms) = preSolution
		Debug|Any CPU = Debug|Any CPU
		Release|Any CPU = Release|Any CPU
	EndGlobalSection
	GlobalSection(ProjectConfigurationPlatforms) = postSolution
		{EB905CF3-F9B2-4409-AB9F-A97F04A9D367}.Debug|Any CPU.ActiveCfg = Debug|Any CPU
		{EB905CF3-F9B2-4409-AB9F-A97F04A9D367}.Debug|Any CPU.Build.0 = Debug|Any CPU
		{EB905CF3-F9B2-4409-AB9F-A97F04A9D367}.Release|Any CPU.ActiveCfg = Release|Any CPU
		{EB905CF3-F9B2-4409-AB9F-A97F04A9D367}.Release|Any CPU.Build.0 = Release|Any CPU
	EndGlobalSection
	GlobalSection(SolutionProperties) = preSolution
		HideSolutionNode = FALSE
	EndGlobalSection
	GlobalSection(ExtensibilityGlobals) = postSolution
		SolutionGuid = {47678219-116F-469F-8A2E-31DB087DEF53}
	EndGlobalSection
EndGlobal
